
Microsoft Visual Studio Solution File, Format Version 12.00
# Visual Studio Version 16
VisualStudioVersion = 25.0.1706.0
MinimumVisualStudioVersion = 10.0.40219.1
Project("{FAE04EC0-301F-11D3-BF4B-00C04F79EFBC}") = "restaurant-backoffice", "restaurant-backoffice.csproj", "{1082B396-AC57-4469-B55C-6DAD908C85A5}"
EndProject
Global
	GlobalSection(SolutionConfigurationPlatforms) = preSolution
		Debug|Any CPU = Debug|Any CPU
		Release|Any CPU = Release|Any CPU
	EndGlobalSection
	GlobalSection(ProjectConfigurationPlatforms) = postSolution
		{1082B396-AC57-4469-B55C-6DAD908C85A5}.Debug|Any CPU.ActiveCfg = Debug|Any CPU
		{1082B396-AC57-4469-B55C-6DAD908C85A5}.Debug|Any CPU.Build.0 = Debug|Any CPU
		{1082B396-AC57-4469-B55C-6DAD908C85A5}.Release|Any CPU.ActiveCfg = Release|Any CPU
		{1082B396-AC57-4469-B55C-6DAD908C85A5}.Release|Any CPU.Build.0 = Release|Any CPU
	EndGlobalSection
	GlobalSection(SolutionProperties) = preSolution
		HideSolutionNode = FALSE
	EndGlobalSection
	GlobalSection(ExtensibilityGlobals) = postSolution
		SolutionGuid = {D0B7A734-BAC2-4786-B055-09E046DC0B8D}
	EndGlobalSection
EndGlobal
